version = 1
revision = 2
requires-python = ">=3.10"

[[package]]
name = "antlr4-python3-runtime"
version = "4.11.1"
source = { registry = "https://mirrors.tuna.tsinghua.edu.cn/pypi/web/simple/" }
sdist = { url = "https://mirrors.tuna.tsinghua.edu.cn/pypi/web/packages/e0/64/c548678120cccf784f555972ed37cedcf4f026abeec30ab0340c3af4ea07/antlr4-python3-runtime-4.11.1.tar.gz", hash = "sha256:a53de701312f9bdacc5258a6872cd6c62b90d3a90ae25e494026f76267333b60", size = 116945, upload_time = "2022-09-04T21:37:45.242Z" }
wheels = [
    { url = "https://mirrors.tuna.tsinghua.edu.cn/pypi/web/packages/b6/3a/4f2e9d67277cc255a17a34c1b54e02d939ca5991bc596dee3d63e587e512/antlr4_python3_runtime-4.11.1-py3-none-any.whl", hash = "sha256:ff1954eda1ca9072c02bf500387d0c86cb549bef4dbb3b64f39468b547ec5f6b", size = 144186, upload_time = "2022-09-04T21:37:43.264Z" },
]

[[package]]
name = "colorama"
version = "0.4.6"
source = { registry = "https://mirrors.tuna.tsinghua.edu.cn/pypi/web/simple/" }
sdist = { url = "https://mirrors.tuna.tsinghua.edu.cn/pypi/web/packages/d8/53/6f443c9a4a8358a93a6792e2acffb9d9d5cb0a5cfd8802644b7b1c9a02e4/colorama-0.4.6.tar.gz", hash = "sha256:08695f5cb7ed6e0531a20572697297273c47b8cae5a63ffc6d6ed5c201be6e44", size = 27697, upload_time = "2022-10-25T02:36:22.414Z" }
wheels = [
    { url = "https://mirrors.tuna.tsinghua.edu.cn/pypi/web/packages/d1/d6/3965ed04c63042e047cb6a3e6ed1a63a35087b6a609aa3a15ed8ac56c221/colorama-0.4.6-py2.py3-none-any.whl", hash = "sha256:4f1d9991f5acc0ca119f9d443620b77f9d6b33703e51011c16baf57afb285fc6", size = 25335, upload_time = "2022-10-25T02:36:20.889Z" },
]

[[package]]
name = "coverage"
version = "7.2.7"
source = { registry = "https://mirrors.tuna.tsinghua.edu.cn/pypi/web/simple/" }
sdist = { url = "https://mirrors.tuna.tsinghua.edu.cn/pypi/web/packages/45/8b/421f30467e69ac0e414214856798d4bc32da1336df745e49e49ae5c1e2a8/coverage-7.2.7.tar.gz", hash = "sha256:924d94291ca674905fe9481f12294eb11f2d3d3fd1adb20314ba89e94f44ed59", size = 762575, upload_time = "2023-05-29T20:08:50.273Z" }
wheels = [
    { url = "https://mirrors.tuna.tsinghua.edu.cn/pypi/web/packages/01/24/be01e62a7bce89bcffe04729c540382caa5a06bee45ae42136c93e2499f5/coverage-7.2.7-cp310-cp310-macosx_10_9_x86_64.whl", hash = "sha256:d39b5b4f2a66ccae8b7263ac3c8170994b65266797fb96cbbfd3fb5b23921db8", size = 200724, upload_time = "2023-05-29T20:07:03.422Z" },
    { url = "https://mirrors.tuna.tsinghua.edu.cn/pypi/web/packages/3d/80/7060a445e1d2c9744b683dc935248613355657809d6c6b2716cdf4ca4766/coverage-7.2.7-cp310-cp310-macosx_11_0_arm64.whl", hash = "sha256:6d040ef7c9859bb11dfeb056ff5b3872436e3b5e401817d87a31e1750b9ae2fb", size = 201024, upload_time = "2023-05-29T20:07:05.694Z" },
    { url = "https://mirrors.tuna.tsinghua.edu.cn/pypi/web/packages/b8/9d/926fce7e03dbfc653104c2d981c0fa71f0572a9ebd344d24c573bd6f7c4f/coverage-7.2.7-cp310-cp310-manylinux_2_17_aarch64.manylinux2014_aarch64.whl", hash = "sha256:ba90a9563ba44a72fda2e85302c3abc71c5589cea608ca16c22b9804262aaeb6", size = 229528, upload_time = "2023-05-29T20:07:07.307Z" },
    { url = "https://mirrors.tuna.tsinghua.edu.cn/pypi/web/packages/d1/3a/67f5d18f911abf96857f6f7e4df37ca840e38179e2cc9ab6c0b9c3380f19/coverage-7.2.7-cp310-cp310-manylinux_2_5_i686.manylinux1_i686.manylinux_2_17_i686.manylinux2014_i686.whl", hash = "sha256:e7d9405291c6928619403db1d10bd07888888ec1abcbd9748fdaa971d7d661b2", size = 227842, upload_time = "2023-05-29T20:07:09.331Z" },
    { url = "https://mirrors.tuna.tsinghua.edu.cn/pypi/web/packages/b4/bd/1b2331e3a04f4cc9b7b332b1dd0f3a1261dfc4114f8479bebfcc2afee9e8/coverage-7.2.7-cp310-cp310-manylinux_2_5_x86_64.manylinux1_x86_64.manylinux_2_17_x86_64.manylinux2014_x86_64.whl", hash = "sha256:31563e97dae5598556600466ad9beea39fb04e0229e61c12eaa206e0aa202063", size = 228717, upload_time = "2023-05-29T20:07:11.38Z" },
    { url = "https://mirrors.tuna.tsinghua.edu.cn/pypi/web/packages/2b/86/3dbf9be43f8bf6a5ca28790a713e18902b2d884bc5fa9512823a81dff601/coverage-7.2.7-cp310-cp310-musllinux_1_1_aarch64.whl", hash = "sha256:ebba1cd308ef115925421d3e6a586e655ca5a77b5bf41e02eb0e4562a111f2d1", size = 234632, upload_time = "2023-05-29T20:07:13.376Z" },
    { url = "https://mirrors.tuna.tsinghua.edu.cn/pypi/web/packages/91/e8/469ed808a782b9e8305a08bad8c6fa5f8e73e093bda6546c5aec68275bff/coverage-7.2.7-cp310-cp310-musllinux_1_1_i686.whl", hash = "sha256:cb017fd1b2603ef59e374ba2063f593abe0fc45f2ad9abdde5b4d83bd922a353", size = 232875, upload_time = "2023-05-29T20:07:15.093Z" },
    { url = "https://mirrors.tuna.tsinghua.edu.cn/pypi/web/packages/29/8f/4fad1c2ba98104425009efd7eaa19af9a7c797e92d40cd2ec026fa1f58cb/coverage-7.2.7-cp310-cp310-musllinux_1_1_x86_64.whl", hash = "sha256:d62a5c7dad11015c66fbb9d881bc4caa5b12f16292f857842d9d1871595f4495", size = 234094, upload_time = "2023-05-29T20:07:17.013Z" },
    { url = "https://mirrors.tuna.tsinghua.edu.cn/pypi/web/packages/94/4e/d4e46a214ae857be3d7dc5de248ba43765f60daeb1ab077cb6c1536c7fba/coverage-7.2.7-cp310-cp310-win32.whl", hash = "sha256:ee57190f24fba796e36bb6d3aa8a8783c643d8fa9760c89f7a98ab5455fbf818", size = 203184, upload_time = "2023-05-29T20:07:18.69Z" },
    { url = "https://mirrors.tuna.tsinghua.edu.cn/pypi/web/packages/1f/e9/d6730247d8dec2a3dddc520ebe11e2e860f0f98cee3639e23de6cf920255/coverage-7.2.7-cp310-cp310-win_amd64.whl", hash = "sha256:f75f7168ab25dd93110c8a8117a22450c19976afbc44234cbf71481094c1b850", size = 204096, upload_time = "2023-05-29T20:07:20.153Z" },
    { url = "https://mirrors.tuna.tsinghua.edu.cn/pypi/web/packages/c6/fa/529f55c9a1029c840bcc9109d5a15ff00478b7ff550a1ae361f8745f8ad5/coverage-7.2.7-cp311-cp311-macosx_10_9_x86_64.whl", hash = "sha256:06a9a2be0b5b576c3f18f1a241f0473575c4a26021b52b2a85263a00f034d51f", size = 200895, upload_time = "2023-05-29T20:07:21.963Z" },
    { url = "https://mirrors.tuna.tsinghua.edu.cn/pypi/web/packages/67/d7/cd8fe689b5743fffac516597a1222834c42b80686b99f5b44ef43ccc2a43/coverage-7.2.7-cp311-cp311-macosx_11_0_arm64.whl", hash = "sha256:5baa06420f837184130752b7c5ea0808762083bf3487b5038d68b012e5937dbe", size = 201120, upload_time = "2023-05-29T20:07:23.765Z" },
    { url = "https://mirrors.tuna.tsinghua.edu.cn/pypi/web/packages/8c/95/16eed713202406ca0a37f8ac259bbf144c9d24f9b8097a8e6ead61da2dbb/coverage-7.2.7-cp311-cp311-manylinux_2_17_aarch64.manylinux2014_aarch64.whl", hash = "sha256:fdec9e8cbf13a5bf63290fc6013d216a4c7232efb51548594ca3631a7f13c3a3", size = 233178, upload_time = "2023-05-29T20:07:25.281Z" },
    { url = "https://mirrors.tuna.tsinghua.edu.cn/pypi/web/packages/c1/49/4d487e2ad5d54ed82ac1101e467e8994c09d6123c91b2a962145f3d262c2/coverage-7.2.7-cp311-cp311-manylinux_2_5_i686.manylinux1_i686.manylinux_2_17_i686.manylinux2014_i686.whl", hash = "sha256:52edc1a60c0d34afa421c9c37078817b2e67a392cab17d97283b64c5833f427f", size = 230754, upload_time = "2023-05-29T20:07:27.044Z" },
    { url = "https://mirrors.tuna.tsinghua.edu.cn/pypi/web/packages/a7/cd/3ce94ad9d407a052dc2a74fbeb1c7947f442155b28264eb467ee78dea812/coverage-7.2.7-cp311-cp311-manylinux_2_5_x86_64.manylinux1_x86_64.manylinux_2_17_x86_64.manylinux2014_x86_64.whl", hash = "sha256:63426706118b7f5cf6bb6c895dc215d8a418d5952544042c8a2d9fe87fcf09cb", size = 232558, upload_time = "2023-05-29T20:07:28.743Z" },
    { url = "https://mirrors.tuna.tsinghua.edu.cn/pypi/web/packages/8f/a8/12cc7b261f3082cc299ab61f677f7e48d93e35ca5c3c2f7241ed5525ccea/coverage-7.2.7-cp311-cp311-musllinux_1_1_aarch64.whl", hash = "sha256:afb17f84d56068a7c29f5fa37bfd38d5aba69e3304af08ee94da8ed5b0865833", size = 241509, upload_time = "2023-05-29T20:07:30.434Z" },
    { url = "https://mirrors.tuna.tsinghua.edu.cn/pypi/web/packages/04/fa/43b55101f75a5e9115259e8be70ff9279921cb6b17f04c34a5702ff9b1f7/coverage-7.2.7-cp311-cp311-musllinux_1_1_i686.whl", hash = "sha256:48c19d2159d433ccc99e729ceae7d5293fbffa0bdb94952d3579983d1c8c9d97", size = 239924, upload_time = "2023-05-29T20:07:32.065Z" },
    { url = "https://mirrors.tuna.tsinghua.edu.cn/pypi/web/packages/68/5f/d2bd0f02aa3c3e0311986e625ccf97fdc511b52f4f1a063e4f37b624772f/coverage-7.2.7-cp311-cp311-musllinux_1_1_x86_64.whl", hash = "sha256:0e1f928eaf5469c11e886fe0885ad2bf1ec606434e79842a879277895a50942a", size = 240977, upload_time = "2023-05-29T20:07:34.184Z" },
    { url = "https://mirrors.tuna.tsinghua.edu.cn/pypi/web/packages/ba/92/69c0722882643df4257ecc5437b83f4c17ba9e67f15dc6b77bad89b6982e/coverage-7.2.7-cp311-cp311-win32.whl", hash = "sha256:33d6d3ea29d5b3a1a632b3c4e4f4ecae24ef170b0b9ee493883f2df10039959a", size = 203168, upload_time = "2023-05-29T20:07:35.869Z" },
    { url = "https://mirrors.tuna.tsinghua.edu.cn/pypi/web/packages/b1/96/c12ed0dfd4ec587f3739f53eb677b9007853fd486ccb0e7d5512a27bab2e/coverage-7.2.7-cp311-cp311-win_amd64.whl", hash = "sha256:5b7540161790b2f28143191f5f8ec02fb132660ff175b7747b95dcb77ac26562", size = 204185, upload_time = "2023-05-29T20:07:37.39Z" },
    { url = "https://mirrors.tuna.tsinghua.edu.cn/pypi/web/packages/ff/d5/52fa1891d1802ab2e1b346d37d349cb41cdd4fd03f724ebbf94e80577687/coverage-7.2.7-cp312-cp312-macosx_10_9_x86_64.whl", hash = "sha256:f2f67fe12b22cd130d34d0ef79206061bfb5eda52feb6ce0dba0644e20a03cf4", size = 201020, upload_time = "2023-05-29T20:07:38.724Z" },
    { url = "https://mirrors.tuna.tsinghua.edu.cn/pypi/web/packages/24/df/6765898d54ea20e3197a26d26bb65b084deefadd77ce7de946b9c96dfdc5/coverage-7.2.7-cp312-cp312-manylinux_2_17_aarch64.manylinux2014_aarch64.whl", hash = "sha256:a342242fe22407f3c17f4b499276a02b01e80f861f1682ad1d95b04018e0c0d4", size = 233994, upload_time = "2023-05-29T20:07:40.274Z" },
    { url = "https://mirrors.tuna.tsinghua.edu.cn/pypi/web/packages/15/81/b108a60bc758b448c151e5abceed027ed77a9523ecbc6b8a390938301841/coverage-7.2.7-cp312-cp312-manylinux_2_5_i686.manylinux1_i686.manylinux_2_17_i686.manylinux2014_i686.whl", hash = "sha256:171717c7cb6b453aebac9a2ef603699da237f341b38eebfee9be75d27dc38e01", size = 231358, upload_time = "2023-05-29T20:07:41.998Z" },
    { url = "https://mirrors.tuna.tsinghua.edu.cn/pypi/web/packages/61/90/c76b9462f39897ebd8714faf21bc985b65c4e1ea6dff428ea9dc711ed0dd/coverage-7.2.7-cp312-cp312-manylinux_2_5_x86_64.manylinux1_x86_64.manylinux_2_17_x86_64.manylinux2014_x86_64.whl", hash = "sha256:49969a9f7ffa086d973d91cec8d2e31080436ef0fb4a359cae927e742abfaaa6", size = 233316, upload_time = "2023-05-29T20:07:43.539Z" },
    { url = "https://mirrors.tuna.tsinghua.edu.cn/pypi/web/packages/04/d6/8cba3bf346e8b1a4fb3f084df7d8cea25a6b6c56aaca1f2e53829be17e9e/coverage-7.2.7-cp312-cp312-musllinux_1_1_aarch64.whl", hash = "sha256:b46517c02ccd08092f4fa99f24c3b83d8f92f739b4657b0f146246a0ca6a831d", size = 240159, upload_time = "2023-05-29T20:07:44.982Z" },
    { url = "https://mirrors.tuna.tsinghua.edu.cn/pypi/web/packages/6e/ea/4a252dc77ca0605b23d477729d139915e753ee89e4c9507630e12ad64a80/coverage-7.2.7-cp312-cp312-musllinux_1_1_i686.whl", hash = "sha256:a3d33a6b3eae87ceaefa91ffdc130b5e8536182cd6dfdbfc1aa56b46ff8c86de", size = 238127, upload_time = "2023-05-29T20:07:46.522Z" },
    { url = "https://mirrors.tuna.tsinghua.edu.cn/pypi/web/packages/9f/5c/d9760ac497c41f9c4841f5972d0edf05d50cad7814e86ee7d133ec4a0ac8/coverage-7.2.7-cp312-cp312-musllinux_1_1_x86_64.whl", hash = "sha256:976b9c42fb2a43ebf304fa7d4a310e5f16cc99992f33eced91ef6f908bd8f33d", size = 239833, upload_time = "2023-05-29T20:07:47.992Z" },
    { url = "https://mirrors.tuna.tsinghua.edu.cn/pypi/web/packages/69/8c/26a95b08059db1cbb01e4b0e6d40f2e9debb628c6ca86b78f625ceaf9bab/coverage-7.2.7-cp312-cp312-win32.whl", hash = "sha256:8de8bb0e5ad103888d65abef8bca41ab93721647590a3f740100cd65c3b00511", size = 203463, upload_time = "2023-05-29T20:07:49.939Z" },
    { url = "https://mirrors.tuna.tsinghua.edu.cn/pypi/web/packages/b7/00/14b00a0748e9eda26e97be07a63cc911108844004687321ddcc213be956c/coverage-7.2.7-cp312-cp312-win_amd64.whl", hash = "sha256:9e31cb64d7de6b6f09702bb27c02d1904b3aebfca610c12772452c4e6c21a0d3", size = 204347, upload_time = "2023-05-29T20:07:51.909Z" },
]

[[package]]
name = "exceptiongroup"
version = "1.3.0"
source = { registry = "https://mirrors.tuna.tsinghua.edu.cn/pypi/web/simple/" }
dependencies = [
    { name = "typing-extensions", marker = "python_full_version < '3.13'" },
]
sdist = { url = "https://mirrors.tuna.tsinghua.edu.cn/pypi/web/packages/0b/9f/a65090624ecf468cdca03533906e7c69ed7588582240cfe7cc9e770b50eb/exceptiongroup-1.3.0.tar.gz", hash = "sha256:b241f5885f560bc56a59ee63ca4c6a8bfa46ae4ad651af316d4e81817bb9fd88", size = 29749, upload_time = "2025-05-10T17:42:51.123Z" }
wheels = [
    { url = "https://mirrors.tuna.tsinghua.edu.cn/pypi/web/packages/36/f4/c6e662dade71f56cd2f3735141b265c3c79293c109549c1e6933b0651ffc/exceptiongroup-1.3.0-py3-none-any.whl", hash = "sha256:4d111e6e0c13d0644cad6ddaa7ed0261a0b36971f6d23e7ec9b4b9097da78a10", size = 16674, upload_time = "2025-05-10T17:42:49.33Z" },
]

[[package]]
name = "iniconfig"
version = "2.1.0"
source = { registry = "https://mirrors.tuna.tsinghua.edu.cn/pypi/web/simple/" }
sdist = { url = "https://mirrors.tuna.tsinghua.edu.cn/pypi/web/packages/f2/97/ebf4da567aa6827c909642694d71c9fcf53e5b504f2d96afea02718862f3/iniconfig-2.1.0.tar.gz", hash = "sha256:3abbd2e30b36733fee78f9c7f7308f2d0050e88f0087fd25c2645f63c773e1c7", size = 4793, upload_time = "2025-03-19T20:09:59.721Z" }
wheels = [
    { url = "https://mirrors.tuna.tsinghua.edu.cn/pypi/web/packages/2c/e1/e6716421ea10d38022b952c159d5161ca1193197fb744506875fbb87ea7b/iniconfig-2.1.0-py3-none-any.whl", hash = "sha256:9deba5723312380e77435581c6bf4935c94cbfab9b1ed33ef8d238ea168eb760", size = 6050, upload_time = "2025-03-19T20:10:01.071Z" },
]

[[package]]
name = "nodeenv"
version = "1.9.1"
source = { registry = "https://mirrors.tuna.tsinghua.edu.cn/pypi/web/simple/" }
sdist = { url = "https://mirrors.tuna.tsinghua.edu.cn/pypi/web/packages/43/16/fc88b08840de0e0a72a2f9d8c6bae36be573e475a6326ae854bcc549fc45/nodeenv-1.9.1.tar.gz", hash = "sha256:6ec12890a2dab7946721edbfbcd91f3319c6ccc9aec47be7c7e6b7011ee6645f", size = 47437, upload_time = "2024-06-04T18:44:11.171Z" }
wheels = [
    { url = "https://mirrors.tuna.tsinghua.edu.cn/pypi/web/packages/d2/1d/1b658dbd2b9fa9c4c9f32accbfc0205d532c8c6194dc0f2a4c0428e7128a/nodeenv-1.9.1-py2.py3-none-any.whl", hash = "sha256:ba11c9782d29c27c70ffbdda2d7415098754709be8a7056d79a737cd901155c9", size = 22314, upload_time = "2024-06-04T18:44:08.352Z" },
]

[[package]]
name = "nodejs-wheel-binaries"
version = "22.17.0"
source = { registry = "https://mirrors.tuna.tsinghua.edu.cn/pypi/web/simple/" }
sdist = { url = "https://mirrors.tuna.tsinghua.edu.cn/pypi/web/packages/d3/86/8962d1d24ff480f4dd31871f42c8e0d8e2c851cd558a07ee689261d310ab/nodejs_wheel_binaries-22.17.0.tar.gz", hash = "sha256:529142012fb8fd20817ef70e2ef456274df4f49933292e312c8bbc7285af6408", size = 8068, upload_time = "2025-06-29T20:24:25.002Z" }
wheels = [
    { url = "https://mirrors.tuna.tsinghua.edu.cn/pypi/web/packages/5d/53/b942c6da4ff6f87a315033f6ff6fed8fd3c22047d7ff5802badaa5dfc2c2/nodejs_wheel_binaries-22.17.0-py2.py3-none-macosx_11_0_arm64.whl", hash = "sha256:6545a6f6d2f736d9c9e2eaad7e599b6b5b2d8fd4cbd2a1df0807cbcf51b9d39b", size = 51003554, upload_time = "2025-06-29T20:23:47.042Z" },
    { url = "https://mirrors.tuna.tsinghua.edu.cn/pypi/web/packages/e2/b7/7184a9ad2364912da22f2fe021dc4a3301721131ef7759aeb4a1f19db0b4/nodejs_wheel_binaries-22.17.0-py2.py3-none-macosx_11_0_x86_64.whl", hash = "sha256:4bea5b994dd87c20f8260031ea69a97c3d282e2d4472cc8908636a313a830d00", size = 51936848, upload_time = "2025-06-29T20:23:52.064Z" },
    { url = "https://mirrors.tuna.tsinghua.edu.cn/pypi/web/packages/e9/7a/0ea425147b8110b8fd65a6c21cfd3bd130cdec7766604361429ef870d799/nodejs_wheel_binaries-22.17.0-py2.py3-none-manylinux_2_17_aarch64.manylinux2014_aarch64.whl", hash = "sha256:885508615274a22499dd5314759c1cf96ba72de03e6485d73b3e5475e7f12662", size = 57925230, upload_time = "2025-06-29T20:23:56.81Z" },
    { url = "https://mirrors.tuna.tsinghua.edu.cn/pypi/web/packages/23/5f/10a3f2ac08a839d065d9ccfd6d9df66bc46e100eaf87a8a5cf149eb3fb8e/nodejs_wheel_binaries-22.17.0-py2.py3-none-manylinux_2_17_x86_64.manylinux2014_x86_64.whl", hash = "sha256:90f38ce034a602bcab534d55cbe0390521e73e5dcffdd1c4b34354b932172af2", size = 58457829, upload_time = "2025-06-29T20:24:01.945Z" },
    { url = "https://mirrors.tuna.tsinghua.edu.cn/pypi/web/packages/ed/a4/d2ca331e16eef0974eb53702df603c54f77b2a7e2007523ecdbf6cf61162/nodejs_wheel_binaries-22.17.0-py2.py3-none-musllinux_1_2_aarch64.whl", hash = "sha256:5eed087855b644c87001fe04036213193963ccd65e7f89949e9dbe28e7743d9b", size = 59778054, upload_time = "2025-06-29T20:24:07.14Z" },
    { url = "https://mirrors.tuna.tsinghua.edu.cn/pypi/web/packages/be/2b/04e0e7f7305fe2ba30fd4610bfb432516e0f65379fe6c2902f4b7b1ad436/nodejs_wheel_binaries-22.17.0-py2.py3-none-musllinux_1_2_x86_64.whl", hash = "sha256:715f413c81500f0770ea8936ef1fc2529b900da8054cbf6da67cec3ee308dc76", size = 60830079, upload_time = "2025-06-29T20:24:12.21Z" },
    { url = "https://mirrors.tuna.tsinghua.edu.cn/pypi/web/packages/ce/67/12070b24b88040c2d694883f3dcb067052f748798f4c63f7c865769a5747/nodejs_wheel_binaries-22.17.0-py2.py3-none-win_amd64.whl", hash = "sha256:51165630493c8dd4acfe1cae1684b76940c9b03f7f355597d55e2d056a572ddd", size = 40117877, upload_time = "2025-06-29T20:24:17.51Z" },
    { url = "https://mirrors.tuna.tsinghua.edu.cn/pypi/web/packages/2e/ec/53ac46af423527c23e40c7343189f2bce08a8337efedef4d8a33392cee23/nodejs_wheel_binaries-22.17.0-py2.py3-none-win_arm64.whl", hash = "sha256:fae56d172227671fccb04461d3cd2b26a945c6c7c7fc29edb8618876a39d8b4a", size = 38865278, upload_time = "2025-06-29T20:24:21.065Z" },
]

[[package]]
name = "packaging"
version = "25.0"
source = { registry = "https://mirrors.tuna.tsinghua.edu.cn/pypi/web/simple/" }
sdist = { url = "https://mirrors.tuna.tsinghua.edu.cn/pypi/web/packages/a1/d4/1fc4078c65507b51b96ca8f8c3ba19e6a61c8253c72794544580a7b6c24d/packaging-25.0.tar.gz", hash = "sha256:d443872c98d677bf60f6a1f2f8c1cb748e8fe762d2bf9d3148b5599295b0fc4f", size = 165727, upload_time = "2025-04-19T11:48:59.673Z" }
wheels = [
    { url = "https://mirrors.tuna.tsinghua.edu.cn/pypi/web/packages/20/12/38679034af332785aac8774540895e234f4d07f7545804097de4b666afd8/packaging-25.0-py3-none-any.whl", hash = "sha256:29572ef2b1f17581046b3a2227d5c611fb25ec70ca1ba8554b24b0e69331a484", size = 66469, upload_time = "2025-04-19T11:48:57.875Z" },
]

[[package]]
name = "pluggy"
version = "1.6.0"
source = { registry = "https://mirrors.tuna.tsinghua.edu.cn/pypi/web/simple/" }
sdist = { url = "https://mirrors.tuna.tsinghua.edu.cn/pypi/web/packages/f9/e2/3e91f31a7d2b083fe6ef3fa267035b518369d9511ffab804f839851d2779/pluggy-1.6.0.tar.gz", hash = "sha256:7dcc130b76258d33b90f61b658791dede3486c3e6bfb003ee5c9bfb396dd22f3", size = 69412, upload_time = "2025-05-15T12:30:07.975Z" }
wheels = [
    { url = "https://mirrors.tuna.tsinghua.edu.cn/pypi/web/packages/54/20/4d324d65cc6d9205fabedc306948156824eb9f0ee1633355a8f7ec5c66bf/pluggy-1.6.0-py3-none-any.whl", hash = "sha256:e920276dd6813095e9377c0bc5566d94c932c33b27a3e3945d8389c374dd4746", size = 20538, upload_time = "2025-05-15T12:30:06.134Z" },
]

[[package]]
name = "pyflakes"
version = "3.3.2"
source = { registry = "https://mirrors.tuna.tsinghua.edu.cn/pypi/web/simple/" }
sdist = { url = "https://mirrors.tuna.tsinghua.edu.cn/pypi/web/packages/af/cc/1df338bd7ed1fa7c317081dcf29bf2f01266603b301e6858856d346a12b3/pyflakes-3.3.2.tar.gz", hash = "sha256:6dfd61d87b97fba5dcfaaf781171ac16be16453be6d816147989e7f6e6a9576b", size = 64175, upload_time = "2025-03-31T13:21:20.34Z" }
wheels = [
    { url = "https://mirrors.tuna.tsinghua.edu.cn/pypi/web/packages/15/40/b293a4fa769f3b02ab9e387c707c4cbdc34f073f945de0386107d4e669e6/pyflakes-3.3.2-py2.py3-none-any.whl", hash = "sha256:5039c8339cbb1944045f4ee5466908906180f13cc99cc9949348d10f82a5c32a", size = 63164, upload_time = "2025-03-31T13:21:18.503Z" },
]

[[package]]
name = "pyright"
version = "1.1.400"
source = { registry = "https://mirrors.tuna.tsinghua.edu.cn/pypi/web/simple/" }
dependencies = [
    { name = "nodeenv" },
    { name = "typing-extensions" },
]
sdist = { url = "https://mirrors.tuna.tsinghua.edu.cn/pypi/web/packages/6c/cb/c306618a02d0ee8aed5fb8d0fe0ecfed0dbf075f71468f03a30b5f4e1fe0/pyright-1.1.400.tar.gz", hash = "sha256:b8a3ba40481aa47ba08ffb3228e821d22f7d391f83609211335858bf05686bdb", size = 3846546, upload_time = "2025-04-24T12:55:18.907Z" }
wheels = [
    { url = "https://mirrors.tuna.tsinghua.edu.cn/pypi/web/packages/c8/a5/5d285e4932cf149c90e3c425610c5efaea005475d5f96f1bfdb452956c62/pyright-1.1.400-py3-none-any.whl", hash = "sha256:c80d04f98b5a4358ad3a35e241dbf2a408eee33a40779df365644f8054d2517e", size = 5563460, upload_time = "2025-04-24T12:55:17.002Z" },
]

[package.optional-dependencies]
nodejs = [
    { name = "nodejs-wheel-binaries" },
]

[[package]]
name = "pytest"
version = "8.3.5"
source = { registry = "https://mirrors.tuna.tsinghua.edu.cn/pypi/web/simple/" }
dependencies = [
    { name = "colorama", marker = "sys_platform == 'win32'" },
    { name = "exceptiongroup", marker = "python_full_version < '3.11'" },
    { name = "iniconfig" },
    { name = "packaging" },
    { name = "pluggy" },
    { name = "tomli", marker = "python_full_version < '3.11'" },
]
sdist = { url = "https://mirrors.tuna.tsinghua.edu.cn/pypi/web/packages/ae/3c/c9d525a414d506893f0cd8a8d0de7706446213181570cdbd766691164e40/pytest-8.3.5.tar.gz", hash = "sha256:f4efe70cc14e511565ac476b57c279e12a855b11f48f212af1080ef2263d3845", size = 1450891, upload_time = "2025-03-02T12:54:54.503Z" }
wheels = [
    { url = "https://mirrors.tuna.tsinghua.edu.cn/pypi/web/packages/30/3d/64ad57c803f1fa1e963a7946b6e0fea4a70df53c1a7fed304586539c2bac/pytest-8.3.5-py3-none-any.whl", hash = "sha256:c69214aa47deac29fad6c2a4f590b9c4a9fdb16a403176fe154b79c0b4d4d820", size = 343634, upload_time = "2025-03-02T12:54:52.069Z" },
]

[[package]]
name = "removestar"
version = "1.5.2"
source = { registry = "https://mirrors.tuna.tsinghua.edu.cn/pypi/web/simple/" }
dependencies = [
    { name = "pyflakes" },
]
sdist = { url = "https://mirrors.tuna.tsinghua.edu.cn/pypi/web/packages/ec/74/9c7573b4f920ace695459bc202e2ccb6ef4f595c36b1847a7a0bd1488245/removestar-1.5.2.tar.gz", hash = "sha256:282d6dcb908a12b6dbf9c1050a04256f160e2de2c8bdea78a443dd547486fe3b", size = 13988, upload_time = "2024-11-25T15:38:25.103Z" }
wheels = [
    { url = "https://mirrors.tuna.tsinghua.edu.cn/pypi/web/packages/d7/31/53be571cb0fce757a1ba2bbb11541fceceb0a1852a16741e9e3947c3db1b/removestar-1.5.2-py3-none-any.whl", hash = "sha256:774278462d8d9d8c27ae92b12e9882bffddf3cba67da317a97508653ed12df86", size = 16150, upload_time = "2024-11-25T15:38:23.775Z" },
]

[[package]]
name = "ruff"
version = "0.8.4"
source = { registry = "https://mirrors.tuna.tsinghua.edu.cn/pypi/web/simple/" }
sdist = { url = "https://mirrors.tuna.tsinghua.edu.cn/pypi/web/packages/34/37/9c02181ef38d55b77d97c68b78e705fd14c0de0e5d085202bb2b52ce5be9/ruff-0.8.4.tar.gz", hash = "sha256:0d5f89f254836799af1615798caa5f80b7f935d7a670fad66c5007928e57ace8", size = 3402103, upload_time = "2024-12-19T13:36:26.286Z" }
wheels = [
    { url = "https://mirrors.tuna.tsinghua.edu.cn/pypi/web/packages/05/67/f480bf2f2723b2e49af38ed2be75ccdb2798fca7d56279b585c8f553aaab/ruff-0.8.4-py3-none-linux_armv6l.whl", hash = "sha256:58072f0c06080276804c6a4e21a9045a706584a958e644353603d36ca1eb8a60", size = 10546415, upload_time = "2024-12-19T13:35:24.958Z" },
    { url = "https://mirrors.tuna.tsinghua.edu.cn/pypi/web/packages/eb/7a/5aba20312c73f1ce61814e520d1920edf68ca3b9c507bd84d8546a8ecaa8/ruff-0.8.4-py3-none-macosx_10_12_x86_64.whl", hash = "sha256:ffb60904651c00a1e0b8df594591770018a0f04587f7deeb3838344fe3adabac", size = 10346113, upload_time = "2024-12-19T13:35:29.922Z" },
    { url = "https://mirrors.tuna.tsinghua.edu.cn/pypi/web/packages/76/f4/c41de22b3728486f0aa95383a44c42657b2db4062f3234ca36fc8cf52d8b/ruff-0.8.4-py3-none-macosx_11_0_arm64.whl", hash = "sha256:6ddf5d654ac0d44389f6bf05cee4caeefc3132a64b58ea46738111d687352296", size = 9943564, upload_time = "2024-12-19T13:35:33.455Z" },
    { url = "https://mirrors.tuna.tsinghua.edu.cn/pypi/web/packages/0e/f0/afa0d2191af495ac82d4cbbfd7a94e3df6f62a04ca412033e073b871fc6d/ruff-0.8.4-py3-none-manylinux_2_17_aarch64.manylinux2014_aarch64.whl", hash = "sha256:e248b1f0fa2749edd3350a2a342b67b43a2627434c059a063418e3d375cfe643", size = 10805522, upload_time = "2024-12-19T13:35:36.514Z" },
    { url = "https://mirrors.tuna.tsinghua.edu.cn/pypi/web/packages/12/57/5d1e9a0fd0c228e663894e8e3a8e7063e5ee90f8e8e60cf2085f362bfa1a/ruff-0.8.4-py3-none-manylinux_2_17_armv7l.manylinux2014_armv7l.whl", hash = "sha256:bf197b98ed86e417412ee3b6c893f44c8864f816451441483253d5ff22c0e81e", size = 10306763, upload_time = "2024-12-19T13:35:39.257Z" },
    { url = "https://mirrors.tuna.tsinghua.edu.cn/pypi/web/packages/04/df/f069fdb02e408be8aac6853583572a2873f87f866fe8515de65873caf6b8/ruff-0.8.4-py3-none-manylinux_2_17_i686.manylinux2014_i686.whl", hash = "sha256:c41319b85faa3aadd4d30cb1cffdd9ac6b89704ff79f7664b853785b48eccdf3", size = 11359574, upload_time = "2024-12-19T13:35:44.519Z" },
    { url = "https://mirrors.tuna.tsinghua.edu.cn/pypi/web/packages/d3/04/37c27494cd02e4a8315680debfc6dfabcb97e597c07cce0044db1f9dfbe2/ruff-0.8.4-py3-none-manylinux_2_17_ppc64.manylinux2014_ppc64.whl", hash = "sha256:9f8402b7c4f96463f135e936d9ab77b65711fcd5d72e5d67597b543bbb43cf3f", size = 12094851, upload_time = "2024-12-19T13:35:48.975Z" },
    { url = "https://mirrors.tuna.tsinghua.edu.cn/pypi/web/packages/81/b1/c5d7fb68506cab9832d208d03ea4668da9a9887a4a392f4f328b1bf734ad/ruff-0.8.4-py3-none-manylinux_2_17_ppc64le.manylinux2014_ppc64le.whl", hash = "sha256:e4e56b3baa9c23d324ead112a4fdf20db9a3f8f29eeabff1355114dd96014604", size = 11655539, upload_time = "2024-12-19T13:35:52.865Z" },
    { url = "https://mirrors.tuna.tsinghua.edu.cn/pypi/web/packages/ef/38/8f8f2c8898dc8a7a49bc340cf6f00226917f0f5cb489e37075bcb2ce3671/ruff-0.8.4-py3-none-manylinux_2_17_s390x.manylinux2014_s390x.whl", hash = "sha256:736272574e97157f7edbbb43b1d046125fce9e7d8d583d5d65d0c9bf2c15addf", size = 12912805, upload_time = "2024-12-19T13:35:57.234Z" },
    { url = "https://mirrors.tuna.tsinghua.edu.cn/pypi/web/packages/06/dd/fa6660c279f4eb320788876d0cff4ea18d9af7d9ed7216d7bd66877468d0/ruff-0.8.4-py3-none-manylinux_2_17_x86_64.manylinux2014_x86_64.whl", hash = "sha256:e5fe710ab6061592521f902fca7ebcb9fabd27bc7c57c764298b1c1f15fff720", size = 11205976, upload_time = "2024-12-19T13:36:01.27Z" },
    { url = "https://mirrors.tuna.tsinghua.edu.cn/pypi/web/packages/a8/d7/de94cc89833b5de455750686c17c9e10f4e1ab7ccdc5521b8fe911d1477e/ruff-0.8.4-py3-none-musllinux_1_2_aarch64.whl", hash = "sha256:13e9ec6d6b55f6da412d59953d65d66e760d583dd3c1c72bf1f26435b5bfdbae", size = 10792039, upload_time = "2024-12-19T13:36:04.459Z" },
    { url = "https://mirrors.tuna.tsinghua.edu.cn/pypi/web/packages/6d/15/3e4906559248bdbb74854af684314608297a05b996062c9d72e0ef7c7097/ruff-0.8.4-py3-none-musllinux_1_2_armv7l.whl", hash = "sha256:97d9aefef725348ad77d6db98b726cfdb075a40b936c7984088804dfd38268a7", size = 10400088, upload_time = "2024-12-19T13:36:08.362Z" },
    { url = "https://mirrors.tuna.tsinghua.edu.cn/pypi/web/packages/a2/21/9ed4c0e8133cb4a87a18d470f534ad1a8a66d7bec493bcb8bda2d1a5d5be/ruff-0.8.4-py3-none-musllinux_1_2_i686.whl", hash = "sha256:ab78e33325a6f5374e04c2ab924a3367d69a0da36f8c9cb6b894a62017506111", size = 10900814, upload_time = "2024-12-19T13:36:12.877Z" },
    { url = "https://mirrors.tuna.tsinghua.edu.cn/pypi/web/packages/0d/5d/122a65a18955bd9da2616b69bc839351f8baf23b2805b543aa2f0aed72b5/ruff-0.8.4-py3-none-musllinux_1_2_x86_64.whl", hash = "sha256:8ef06f66f4a05c3ddbc9121a8b0cecccd92c5bf3dd43b5472ffe40b8ca10f0f8", size = 11268828, upload_time = "2024-12-19T13:36:15.718Z" },
    { url = "https://mirrors.tuna.tsinghua.edu.cn/pypi/web/packages/43/a9/1676ee9106995381e3d34bccac5bb28df70194167337ed4854c20f27c7ba/ruff-0.8.4-py3-none-win32.whl", hash = "sha256:552fb6d861320958ca5e15f28b20a3d071aa83b93caee33a87b471f99a6c0835", size = 8805621, upload_time = "2024-12-19T13:36:18.551Z" },
    { url = "https://mirrors.tuna.tsinghua.edu.cn/pypi/web/packages/10/98/ed6b56a30ee76771c193ff7ceeaf1d2acc98d33a1a27b8479cbdb5c17a23/ruff-0.8.4-py3-none-win_amd64.whl", hash = "sha256:f21a1143776f8656d7f364bd264a9d60f01b7f52243fbe90e7670c0dfe0cf65d", size = 9660086, upload_time = "2024-12-19T13:36:21.323Z" },
    { url = "https://mirrors.tuna.tsinghua.edu.cn/pypi/web/packages/13/9f/026e18ca7d7766783d779dae5e9c656746c6ede36ef73c6d934aaf4a6dec/ruff-0.8.4-py3-none-win_arm64.whl", hash = "sha256:9183dd615d8df50defa8b1d9a074053891ba39025cf5ae88e8bcb52edcc4bf08", size = 9074500, upload_time = "2024-12-19T13:36:23.92Z" },
]

[[package]]
name = "taihe"
source = { editable = "." }
dependencies = [
    { name = "antlr4-python3-runtime" },
    { name = "typing-extensions" },
]

[package.dev-dependencies]
dev = [
    { name = "coverage" },
    { name = "pyright", extra = ["nodejs"] },
    { name = "pytest" },
    { name = "removestar" },
    { name = "ruff" },
]

[package.metadata]
requires-dist = [
    { name = "antlr4-python3-runtime", specifier = "==4.11.1" },
    { name = "typing-extensions", specifier = "==4.13.2" },
]

[package.metadata.requires-dev]
dev = [
    { name = "coverage", specifier = "==7.2.7" },
    { name = "pyright", extras = ["nodejs"], specifier = "==1.1.400" },
    { name = "pytest", specifier = "==8.3.5" },
    { name = "removestar", specifier = "==1.5.2" },
    { name = "ruff", specifier = "==0.8.4" },
]

[[package]]
name = "tomli"
version = "2.2.1"
source = { registry = "https://mirrors.tuna.tsinghua.edu.cn/pypi/web/simple/" }
sdist = { url = "https://mirrors.tuna.tsinghua.edu.cn/pypi/web/packages/18/87/302344fed471e44a87289cf4967697d07e532f2421fdaf868a303cbae4ff/tomli-2.2.1.tar.gz", hash = "sha256:cd45e1dc79c835ce60f7404ec8119f2eb06d38b1deba146f07ced3bbc44505ff", size = 17175, upload_time = "2024-11-27T22:38:36.873Z" }
wheels = [
    { url = "https://mirrors.tuna.tsinghua.edu.cn/pypi/web/packages/43/ca/75707e6efa2b37c77dadb324ae7d9571cb424e61ea73fad7c56c2d14527f/tomli-2.2.1-cp311-cp311-macosx_10_9_x86_64.whl", hash = "sha256:678e4fa69e4575eb77d103de3df8a895e1591b48e740211bd1067378c69e8249", size = 131077, upload_time = "2024-11-27T22:37:54.956Z" },
    { url = "https://mirrors.tuna.tsinghua.edu.cn/pypi/web/packages/c7/16/51ae563a8615d472fdbffc43a3f3d46588c264ac4f024f63f01283becfbb/tomli-2.2.1-cp311-cp311-macosx_11_0_arm64.whl", hash = "sha256:023aa114dd824ade0100497eb2318602af309e5a55595f76b626d6d9f3b7b0a6", size = 123429, upload_time = "2024-11-27T22:37:56.698Z" },
    { url = "https://mirrors.tuna.tsinghua.edu.cn/pypi/web/packages/f1/dd/4f6cd1e7b160041db83c694abc78e100473c15d54620083dbd5aae7b990e/tomli-2.2.1-cp311-cp311-manylinux_2_17_aarch64.manylinux2014_aarch64.whl", hash = "sha256:ece47d672db52ac607a3d9599a9d48dcb2f2f735c6c2d1f34130085bb12b112a", size = 226067, upload_time = "2024-11-27T22:37:57.63Z" },
    { url = "https://mirrors.tuna.tsinghua.edu.cn/pypi/web/packages/a9/6b/c54ede5dc70d648cc6361eaf429304b02f2871a345bbdd51e993d6cdf550/tomli-2.2.1-cp311-cp311-manylinux_2_17_x86_64.manylinux2014_x86_64.whl", hash = "sha256:6972ca9c9cc9f0acaa56a8ca1ff51e7af152a9f87fb64623e31d5c83700080ee", size = 236030, upload_time = "2024-11-27T22:37:59.344Z" },
    { url = "https://mirrors.tuna.tsinghua.edu.cn/pypi/web/packages/1f/47/999514fa49cfaf7a92c805a86c3c43f4215621855d151b61c602abb38091/tomli-2.2.1-cp311-cp311-manylinux_2_5_i686.manylinux1_i686.manylinux_2_17_i686.manylinux2014_i686.whl", hash = "sha256:c954d2250168d28797dd4e3ac5cf812a406cd5a92674ee4c8f123c889786aa8e", size = 240898, upload_time = "2024-11-27T22:38:00.429Z" },
    { url = "https://mirrors.tuna.tsinghua.edu.cn/pypi/web/packages/73/41/0a01279a7ae09ee1573b423318e7934674ce06eb33f50936655071d81a24/tomli-2.2.1-cp311-cp311-musllinux_1_2_aarch64.whl", hash = "sha256:8dd28b3e155b80f4d54beb40a441d366adcfe740969820caf156c019fb5c7ec4", size = 229894, upload_time = "2024-11-27T22:38:02.094Z" },
    { url = "https://mirrors.tuna.tsinghua.edu.cn/pypi/web/packages/55/18/5d8bc5b0a0362311ce4d18830a5d28943667599a60d20118074ea1b01bb7/tomli-2.2.1-cp311-cp311-musllinux_1_2_i686.whl", hash = "sha256:e59e304978767a54663af13c07b3d1af22ddee3bb2fb0618ca1593e4f593a106", size = 245319, upload_time = "2024-11-27T22:38:03.206Z" },
    { url = "https://mirrors.tuna.tsinghua.edu.cn/pypi/web/packages/92/a3/7ade0576d17f3cdf5ff44d61390d4b3febb8a9fc2b480c75c47ea048c646/tomli-2.2.1-cp311-cp311-musllinux_1_2_x86_64.whl", hash = "sha256:33580bccab0338d00994d7f16f4c4ec25b776af3ffaac1ed74e0b3fc95e885a8", size = 238273, upload_time = "2024-11-27T22:38:04.217Z" },
    { url = "https://mirrors.tuna.tsinghua.edu.cn/pypi/web/packages/72/6f/fa64ef058ac1446a1e51110c375339b3ec6be245af9d14c87c4a6412dd32/tomli-2.2.1-cp311-cp311-win32.whl", hash = "sha256:465af0e0875402f1d226519c9904f37254b3045fc5084697cefb9bdde1ff99ff", size = 98310, upload_time = "2024-11-27T22:38:05.908Z" },
    { url = "https://mirrors.tuna.tsinghua.edu.cn/pypi/web/packages/6a/1c/4a2dcde4a51b81be3530565e92eda625d94dafb46dbeb15069df4caffc34/tomli-2.2.1-cp311-cp311-win_amd64.whl", hash = "sha256:2d0f2fdd22b02c6d81637a3c95f8cd77f995846af7414c5c4b8d0545afa1bc4b", size = 108309, upload_time = "2024-11-27T22:38:06.812Z" },
    { url = "https://mirrors.tuna.tsinghua.edu.cn/pypi/web/packages/52/e1/f8af4c2fcde17500422858155aeb0d7e93477a0d59a98e56cbfe75070fd0/tomli-2.2.1-cp312-cp312-macosx_10_13_x86_64.whl", hash = "sha256:4a8f6e44de52d5e6c657c9fe83b562f5f4256d8ebbfe4ff922c495620a7f6cea", size = 132762, upload_time = "2024-11-27T22:38:07.731Z" },
    { url = "https://mirrors.tuna.tsinghua.edu.cn/pypi/web/packages/03/b8/152c68bb84fc00396b83e7bbddd5ec0bd3dd409db4195e2a9b3e398ad2e3/tomli-2.2.1-cp312-cp312-macosx_11_0_arm64.whl", hash = "sha256:8d57ca8095a641b8237d5b079147646153d22552f1c637fd3ba7f4b0b29167a8", size = 123453, upload_time = "2024-11-27T22:38:09.384Z" },
    { url = "https://mirrors.tuna.tsinghua.edu.cn/pypi/web/packages/c8/d6/fc9267af9166f79ac528ff7e8c55c8181ded34eb4b0e93daa767b8841573/tomli-2.2.1-cp312-cp312-manylinux_2_17_aarch64.manylinux2014_aarch64.whl", hash = "sha256:4e340144ad7ae1533cb897d406382b4b6fede8890a03738ff1683af800d54192", size = 233486, upload_time = "2024-11-27T22:38:10.329Z" },
    { url = "https://mirrors.tuna.tsinghua.edu.cn/pypi/web/packages/5c/51/51c3f2884d7bab89af25f678447ea7d297b53b5a3b5730a7cb2ef6069f07/tomli-2.2.1-cp312-cp312-manylinux_2_17_x86_64.manylinux2014_x86_64.whl", hash = "sha256:db2b95f9de79181805df90bedc5a5ab4c165e6ec3fe99f970d0e302f384ad222", size = 242349, upload_time = "2024-11-27T22:38:11.443Z" },
    { url = "https://mirrors.tuna.tsinghua.edu.cn/pypi/web/packages/ab/df/bfa89627d13a5cc22402e441e8a931ef2108403db390ff3345c05253935e/tomli-2.2.1-cp312-cp312-manylinux_2_5_i686.manylinux1_i686.manylinux_2_17_i686.manylinux2014_i686.whl", hash = "sha256:40741994320b232529c802f8bc86da4e1aa9f413db394617b9a256ae0f9a7f77", size = 252159, upload_time = "2024-11-27T22:38:13.099Z" },
    { url = "https://mirrors.tuna.tsinghua.edu.cn/pypi/web/packages/9e/6e/fa2b916dced65763a5168c6ccb91066f7639bdc88b48adda990db10c8c0b/tomli-2.2.1-cp312-cp312-musllinux_1_2_aarch64.whl", hash = "sha256:400e720fe168c0f8521520190686ef8ef033fb19fc493da09779e592861b78c6", size = 237243, upload_time = "2024-11-27T22:38:14.766Z" },
    { url = "https://mirrors.tuna.tsinghua.edu.cn/pypi/web/packages/b4/04/885d3b1f650e1153cbb93a6a9782c58a972b94ea4483ae4ac5cedd5e4a09/tomli-2.2.1-cp312-cp312-musllinux_1_2_i686.whl", hash = "sha256:02abe224de6ae62c19f090f68da4e27b10af2b93213d36cf44e6e1c5abd19fdd", size = 259645, upload_time = "2024-11-27T22:38:15.843Z" },
    { url = "https://mirrors.tuna.tsinghua.edu.cn/pypi/web/packages/9c/de/6b432d66e986e501586da298e28ebeefd3edc2c780f3ad73d22566034239/tomli-2.2.1-cp312-cp312-musllinux_1_2_x86_64.whl", hash = "sha256:b82ebccc8c8a36f2094e969560a1b836758481f3dc360ce9a3277c65f374285e", size = 244584, upload_time = "2024-11-27T22:38:17.645Z" },
    { url = "https://mirrors.tuna.tsinghua.edu.cn/pypi/web/packages/1c/9a/47c0449b98e6e7d1be6cbac02f93dd79003234ddc4aaab6ba07a9a7482e2/tomli-2.2.1-cp312-cp312-win32.whl", hash = "sha256:889f80ef92701b9dbb224e49ec87c645ce5df3fa2cc548664eb8a25e03127a98", size = 98875, upload_time = "2024-11-27T22:38:19.159Z" },
    { url = "https://mirrors.tuna.tsinghua.edu.cn/pypi/web/packages/ef/60/9b9638f081c6f1261e2688bd487625cd1e660d0a85bd469e91d8db969734/tomli-2.2.1-cp312-cp312-win_amd64.whl", hash = "sha256:7fc04e92e1d624a4a63c76474610238576942d6b8950a2d7f908a340494e67e4", size = 109418, upload_time = "2024-11-27T22:38:20.064Z" },
    { url = "https://mirrors.tuna.tsinghua.edu.cn/pypi/web/packages/04/90/2ee5f2e0362cb8a0b6499dc44f4d7d48f8fff06d28ba46e6f1eaa61a1388/tomli-2.2.1-cp313-cp313-macosx_10_13_x86_64.whl", hash = "sha256:f4039b9cbc3048b2416cc57ab3bda989a6fcf9b36cf8937f01a6e731b64f80d7", size = 132708, upload_time = "2024-11-27T22:38:21.659Z" },
    { url = "https://mirrors.tuna.tsinghua.edu.cn/pypi/web/packages/c0/ec/46b4108816de6b385141f082ba99e315501ccd0a2ea23db4a100dd3990ea/tomli-2.2.1-cp313-cp313-macosx_11_0_arm64.whl", hash = "sha256:286f0ca2ffeeb5b9bd4fcc8d6c330534323ec51b2f52da063b11c502da16f30c", size = 123582, upload_time = "2024-11-27T22:38:22.693Z" },
    { url = "https://mirrors.tuna.tsinghua.edu.cn/pypi/web/packages/a0/bd/b470466d0137b37b68d24556c38a0cc819e8febe392d5b199dcd7f578365/tomli-2.2.1-cp313-cp313-manylinux_2_17_aarch64.manylinux2014_aarch64.whl", hash = "sha256:a92ef1a44547e894e2a17d24e7557a5e85a9e1d0048b0b5e7541f76c5032cb13", size = 232543, upload_time = "2024-11-27T22:38:24.367Z" },
    { url = "https://mirrors.tuna.tsinghua.edu.cn/pypi/web/packages/d9/e5/82e80ff3b751373f7cead2815bcbe2d51c895b3c990686741a8e56ec42ab/tomli-2.2.1-cp313-cp313-manylinux_2_17_x86_64.manylinux2014_x86_64.whl", hash = "sha256:9316dc65bed1684c9a98ee68759ceaed29d229e985297003e494aa825ebb0281", size = 241691, upload_time = "2024-11-27T22:38:26.081Z" },
    { url = "https://mirrors.tuna.tsinghua.edu.cn/pypi/web/packages/05/7e/2a110bc2713557d6a1bfb06af23dd01e7dde52b6ee7dadc589868f9abfac/tomli-2.2.1-cp313-cp313-manylinux_2_5_i686.manylinux1_i686.manylinux_2_17_i686.manylinux2014_i686.whl", hash = "sha256:e85e99945e688e32d5a35c1ff38ed0b3f41f43fad8df0bdf79f72b2ba7bc5272", size = 251170, upload_time = "2024-11-27T22:38:27.921Z" },
    { url = "https://mirrors.tuna.tsinghua.edu.cn/pypi/web/packages/64/7b/22d713946efe00e0adbcdfd6d1aa119ae03fd0b60ebed51ebb3fa9f5a2e5/tomli-2.2.1-cp313-cp313-musllinux_1_2_aarch64.whl", hash = "sha256:ac065718db92ca818f8d6141b5f66369833d4a80a9d74435a268c52bdfa73140", size = 236530, upload_time = "2024-11-27T22:38:29.591Z" },
    { url = "https://mirrors.tuna.tsinghua.edu.cn/pypi/web/packages/38/31/3a76f67da4b0cf37b742ca76beaf819dca0ebef26d78fc794a576e08accf/tomli-2.2.1-cp313-cp313-musllinux_1_2_i686.whl", hash = "sha256:d920f33822747519673ee656a4b6ac33e382eca9d331c87770faa3eef562aeb2", size = 258666, upload_time = "2024-11-27T22:38:30.639Z" },
    { url = "https://mirrors.tuna.tsinghua.edu.cn/pypi/web/packages/07/10/5af1293da642aded87e8a988753945d0cf7e00a9452d3911dd3bb354c9e2/tomli-2.2.1-cp313-cp313-musllinux_1_2_x86_64.whl", hash = "sha256:a198f10c4d1b1375d7687bc25294306e551bf1abfa4eace6650070a5c1ae2744", size = 243954, upload_time = "2024-11-27T22:38:31.702Z" },
    { url = "https://mirrors.tuna.tsinghua.edu.cn/pypi/web/packages/5b/b9/1ed31d167be802da0fc95020d04cd27b7d7065cc6fbefdd2f9186f60d7bd/tomli-2.2.1-cp313-cp313-win32.whl", hash = "sha256:d3f5614314d758649ab2ab3a62d4f2004c825922f9e370b29416484086b264ec", size = 98724, upload_time = "2024-11-27T22:38:32.837Z" },
    { url = "https://mirrors.tuna.tsinghua.edu.cn/pypi/web/packages/c7/32/b0963458706accd9afcfeb867c0f9175a741bf7b19cd424230714d722198/tomli-2.2.1-cp313-cp313-win_amd64.whl", hash = "sha256:a38aa0308e754b0e3c67e344754dff64999ff9b513e691d0e786265c93583c69", size = 109383, upload_time = "2024-11-27T22:38:34.455Z" },
    { url = "https://mirrors.tuna.tsinghua.edu.cn/pypi/web/packages/6e/c2/61d3e0f47e2b74ef40a68b9e6ad5984f6241a942f7cd3bbfbdbd03861ea9/tomli-2.2.1-py3-none-any.whl", hash = "sha256:cb55c73c5f4408779d0cf3eef9f762b9c9f147a77de7b258bef0a5628adc85cc", size = 14257, upload_time = "2024-11-27T22:38:35.385Z" },
]

[[package]]
name = "typing-extensions"
version = "4.13.2"
source = { registry = "https://mirrors.tuna.tsinghua.edu.cn/pypi/web/simple/" }
sdist = { url = "https://mirrors.tuna.tsinghua.edu.cn/pypi/web/packages/f6/37/23083fcd6e35492953e8d2aaaa68b860eb422b34627b13f2ce3eb6106061/typing_extensions-4.13.2.tar.gz", hash = "sha256:e6c81219bd689f51865d9e372991c540bda33a0379d5573cddb9a3a23f7caaef", size = 106967, upload_time = "2025-04-10T14:19:05.416Z" }
wheels = [
    { url = "https://mirrors.tuna.tsinghua.edu.cn/pypi/web/packages/8b/54/b1ae86c0973cc6f0210b53d508ca3641fb6d0c56823f288d108bc7ab3cc8/typing_extensions-4.13.2-py3-none-any.whl", hash = "sha256:a439e7c04b49fec3e5d3e2beaa21755cadbbdc391694e28ccdd36ca4a1408f8c", size = 45806, upload_time = "2025-04-10T14:19:03.967Z" },
]
